
Microsoft Visual Studio Solution File, Format Version 12.00
# Visual Studio Version 17
VisualStudioVersion = 17.3.32922.545
MinimumVisualStudioVersion = 10.0.40219.1
Project("{FAE04EC0-301F-11D3-BF4B-00C04F79EFBC}") = "administradorEquipos", "administradorEquipos\administradorEquipos.csproj", "{A0E69867-95F4-4499-A525-81C703C2A8D2}"
EndProject
Global
	GlobalSection(SolutionConfigurationPlatforms) = preSolution
		Debug|Any CPU = Debug|Any CPU
		Release|Any CPU = Release|Any CPU
	EndGlobalSection
	GlobalSection(ProjectConfigurationPlatforms) = postSolution
		{A0E69867-95F4-4499-A525-81C703C2A8D2}.Debug|Any CPU.ActiveCfg = Debug|Any CPU
		{A0E69867-95F4-4499-A525-81C703C2A8D2}.Debug|Any CPU.Build.0 = Debug|Any CPU
		{A0E69867-95F4-4499-A525-81C703C2A8D2}.Release|Any CPU.ActiveCfg = Release|Any CPU
		{A0E69867-95F4-4499-A525-81C703C2A8D2}.Release|Any CPU.Build.0 = Release|Any CPU
	EndGlobalSection
	GlobalSection(SolutionProperties) = preSolution
		HideSolutionNode = FALSE
	EndGlobalSection
	GlobalSection(ExtensibilityGlobals) = postSolution
		SolutionGuid = {4855AE64-A7BF-4544-980B-C15324C515CB}
	EndGlobalSection
EndGlobal
