
Microsoft Visual Studio Solution File, Format Version 12.00
# Visual Studio Version 17
VisualStudioVersion = 17.3.32929.385
MinimumVisualStudioVersion = 10.0.40219.1
Project("{FAE04EC0-301F-11D3-BF4B-00C04F79EFBC}") = "Equipo_GUI", "Equipo_GUI\Equipo_GUI.csproj", "{C5FF8A9E-21BE-461E-BF57-889ED557B33C}"
EndProject
Project("{FAE04EC0-301F-11D3-BF4B-00C04F79EFBC}") = "Equipo_DALC", "Equipo_DALC\Equipo_DALC.csproj", "{54756759-9C21-49A8-9134-85C600310A15}"
EndProject
Project("{FAE04EC0-301F-11D3-BF4B-00C04F79EFBC}") = "Equipo_Negocio", "Equipo_Negocio\Equipo_Negocio.csproj", "{506697AA-B5C1-4EDC-B4FC-E55946C19000}"
EndProject
Project("{54435603-DBB4-11D2-8724-00A0C9A8B90C}") = "SetupEquipo", "SetupEquipo\SetupEquipo.vdproj", "{4B475841-B7C2-4453-9D29-7455766E2E76}"
EndProject
Global
	GlobalSection(SolutionConfigurationPlatforms) = preSolution
		Debug|Any CPU = Debug|Any CPU
		Release|Any CPU = Release|Any CPU
	EndGlobalSection
	GlobalSection(ProjectConfigurationPlatforms) = postSolution
		{C5FF8A9E-21BE-461E-BF57-889ED557B33C}.Debug|Any CPU.ActiveCfg = Release|Any CPU
		{C5FF8A9E-21BE-461E-BF57-889ED557B33C}.Debug|Any CPU.Build.0 = Release|Any CPU
		{C5FF8A9E-21BE-461E-BF57-889ED557B33C}.Release|Any CPU.ActiveCfg = Release|Any CPU
		{C5FF8A9E-21BE-461E-BF57-889ED557B33C}.Release|Any CPU.Build.0 = Release|Any CPU
		{54756759-9C21-49A8-9134-85C600310A15}.Debug|Any CPU.ActiveCfg = Debug|Any CPU
		{54756759-9C21-49A8-9134-85C600310A15}.Debug|Any CPU.Build.0 = Debug|Any CPU
		{54756759-9C21-49A8-9134-85C600310A15}.Release|Any CPU.ActiveCfg = Release|Any CPU
		{54756759-9C21-49A8-9134-85C600310A15}.Release|Any CPU.Build.0 = Release|Any CPU
		{506697AA-B5C1-4EDC-B4FC-E55946C19000}.Debug|Any CPU.ActiveCfg = Debug|Any CPU
		{506697AA-B5C1-4EDC-B4FC-E55946C19000}.Debug|Any CPU.Build.0 = Debug|Any CPU
		{506697AA-B5C1-4EDC-B4FC-E55946C19000}.Release|Any CPU.ActiveCfg = Release|Any CPU
		{506697AA-B5C1-4EDC-B4FC-E55946C19000}.Release|Any CPU.Build.0 = Release|Any CPU
		{4B475841-B7C2-4453-9D29-7455766E2E76}.Debug|Any CPU.ActiveCfg = Release
		{4B475841-B7C2-4453-9D29-7455766E2E76}.Debug|Any CPU.Build.0 = Release
		{4B475841-B7C2-4453-9D29-7455766E2E76}.Release|Any CPU.ActiveCfg = Release
	EndGlobalSection
	GlobalSection(SolutionProperties) = preSolution
		HideSolutionNode = FALSE
	EndGlobalSection
	GlobalSection(ExtensibilityGlobals) = postSolution
		SolutionGuid = {56D7456C-2E21-48FB-8D42-817509394CFC}
	EndGlobalSection
EndGlobal
